
Microsoft Visual Studio Solution File, Format Version 12.00
# Visual Studio Version 16
VisualStudioVersion = 16.0.30114.105
MinimumVisualStudioVersion = 10.0.40219.1
Project("{FAE04EC0-301F-11D3-BF4B-00C04F79EFBC}") = "API", "API\API.csproj", "{B34E3AF8-8A6A-4B12-90CF-879EB860EBEB}"
EndProject
Global
	GlobalSection(SolutionConfigurationPlatforms) = preSolution
		Debug|Any CPU = Debug|Any CPU
		Release|Any CPU = Release|Any CPU
	EndGlobalSection
	GlobalSection(SolutionProperties) = preSolution
		HideSolutionNode = FALSE
	EndGlobalSection
	GlobalSection(ProjectConfigurationPlatforms) = postSolution
		{B34E3AF8-8A6A-4B12-90CF-879EB860EBEB}.Debug|Any CPU.ActiveCfg = Debug|Any CPU
		{B34E3AF8-8A6A-4B12-90CF-879EB860EBEB}.Debug|Any CPU.Build.0 = Debug|Any CPU
		{B34E3AF8-8A6A-4B12-90CF-879EB860EBEB}.Release|Any CPU.ActiveCfg = Release|Any CPU
		{B34E3AF8-8A6A-4B12-90CF-879EB860EBEB}.Release|Any CPU.Build.0 = Release|Any CPU
	EndGlobalSection
EndGlobal
